
Microsoft Visual Studio Solution File, Format Version 12.00
# Visual Studio Version 17
VisualStudioVersion = 17.11.35312.102
MinimumVisualStudioVersion = 10.0.40219.1
Project("{FAE04EC0-301F-11D3-BF4B-00C04F79EFBC}") = "kaleidolib", "kaleidolib.csproj", "{E3F5310A-2D36-43E9-852B-A867D292001C}"
EndProject
Global
	GlobalSection(SolutionConfigurationPlatforms) = preSolution
		Debug|Any CPU = Debug|Any CPU
		Release|Any CPU = Release|Any CPU
	EndGlobalSection
	GlobalSection(ProjectConfigurationPlatforms) = postSolution
		{E3F5310A-2D36-43E9-852B-A867D292001C}.Debug|Any CPU.ActiveCfg = Debug|Any CPU
		{E3F5310A-2D36-43E9-852B-A867D292001C}.Debug|Any CPU.Build.0 = Debug|Any CPU
		{E3F5310A-2D36-43E9-852B-A867D292001C}.Release|Any CPU.ActiveCfg = Release|Any CPU
		{E3F5310A-2D36-43E9-852B-A867D292001C}.Release|Any CPU.Build.0 = Release|Any CPU
	EndGlobalSection
	GlobalSection(SolutionProperties) = preSolution
		HideSolutionNode = FALSE
	EndGlobalSection
	GlobalSection(ExtensibilityGlobals) = postSolution
		SolutionGuid = {69FFE140-9E1D-4056-BAEA-56797320A601}
	EndGlobalSection
EndGlobal
